
Microsoft Visual Studio Solution File, Format Version 12.00
# Visual Studio Version 17
VisualStudioVersion = 17.14.36203.30 d17.14
MinimumVisualStudioVersion = 10.0.40219.1
Project("{FAE04EC0-301F-11D3-BF4B-00C04F79EFBC}") = "Assignment-11.2_1", "Assignment-11.2_1.csproj", "{EC6C913E-9984-4D41-9B3D-FC8E3ADBB8CB}"
EndProject
Global
	GlobalSection(SolutionConfigurationPlatforms) = preSolution
		Debug|Any CPU = Debug|Any CPU
		Release|Any CPU = Release|Any CPU
	EndGlobalSection
	GlobalSection(ProjectConfigurationPlatforms) = postSolution
		{EC6C913E-9984-4D41-9B3D-FC8E3ADBB8CB}.Debug|Any CPU.ActiveCfg = Debug|Any CPU
		{EC6C913E-9984-4D41-9B3D-FC8E3ADBB8CB}.Debug|Any CPU.Build.0 = Debug|Any CPU
		{EC6C913E-9984-4D41-9B3D-FC8E3ADBB8CB}.Release|Any CPU.ActiveCfg = Release|Any CPU
		{EC6C913E-9984-4D41-9B3D-FC8E3ADBB8CB}.Release|Any CPU.Build.0 = Release|Any CPU
	EndGlobalSection
	GlobalSection(SolutionProperties) = preSolution
		HideSolutionNode = FALSE
	EndGlobalSection
	GlobalSection(ExtensibilityGlobals) = postSolution
		SolutionGuid = {C6986BF7-6A07-4DA6-9BFF-0D39EE7BE1B5}
	EndGlobalSection
EndGlobal
